
Microsoft Visual Studio Solution File, Format Version 12.00
# Visual Studio 15
VisualStudioVersion = 15.0.26430.6
MinimumVisualStudioVersion = 10.0.40219.1
Project("{FAE04EC0-301F-11D3-BF4B-00C04F79EFBC}") = "Kamień, papier, nożyce v2", "Kamień, papier, nożyce v2\Kamień, papier, nożyce v2.csproj", "{EE5A9E00-F52D-4571-B5EC-6044CB92FB54}"
EndProject
Global
	GlobalSection(SolutionConfigurationPlatforms) = preSolution
		Debug|Any CPU = Debug|Any CPU
		Release|Any CPU = Release|Any CPU
	EndGlobalSection
	GlobalSection(ProjectConfigurationPlatforms) = postSolution
		{EE5A9E00-F52D-4571-B5EC-6044CB92FB54}.Debug|Any CPU.ActiveCfg = Debug|Any CPU
		{EE5A9E00-F52D-4571-B5EC-6044CB92FB54}.Debug|Any CPU.Build.0 = Debug|Any CPU
		{EE5A9E00-F52D-4571-B5EC-6044CB92FB54}.Release|Any CPU.ActiveCfg = Release|Any CPU
		{EE5A9E00-F52D-4571-B5EC-6044CB92FB54}.Release|Any CPU.Build.0 = Release|Any CPU
	EndGlobalSection
	GlobalSection(SolutionProperties) = preSolution
		HideSolutionNode = FALSE
	EndGlobalSection
EndGlobal
